
Microsoft Visual Studio Solution File, Format Version 12.00
# Visual Studio 15
VisualStudioVersion = 15.0.27130.2027
MinimumVisualStudioVersion = 10.0.40219.1
Project("{9A19103F-16F7-4668-BE54-9A1E7A4F7556}") = "ModbusTcp", "ModbusTcp\ModbusTcp.csproj", "{35C9EF01-C30B-4999-AB4F-25C8CB41F8F5}"
EndProject
Global
	GlobalSection(SolutionConfigurationPlatforms) = preSolution
		Debug|Any CPU = Debug|Any CPU
		Release|Any CPU = Release|Any CPU
	EndGlobalSection
	GlobalSection(ProjectConfigurationPlatforms) = postSolution
		{35C9EF01-C30B-4999-AB4F-25C8CB41F8F5}.Debug|Any CPU.ActiveCfg = Debug|Any CPU
		{35C9EF01-C30B-4999-AB4F-25C8CB41F8F5}.Debug|Any CPU.Build.0 = Debug|Any CPU
		{35C9EF01-C30B-4999-AB4F-25C8CB41F8F5}.Release|Any CPU.ActiveCfg = Release|Any CPU
		{35C9EF01-C30B-4999-AB4F-25C8CB41F8F5}.Release|Any CPU.Build.0 = Release|Any CPU
	EndGlobalSection
	GlobalSection(SolutionProperties) = preSolution
		HideSolutionNode = FALSE
	EndGlobalSection
	GlobalSection(ExtensibilityGlobals) = postSolution
		SolutionGuid = {CFB8AA0F-C501-40AC-A8B7-B77991CD9369}
	EndGlobalSection
EndGlobal
